
Microsoft Visual Studio Solution File, Format Version 12.00
# Visual Studio Version 17
VisualStudioVersion = 17.11.35312.102
MinimumVisualStudioVersion = 10.0.40219.1
Project("{FAE04EC0-301F-11D3-BF4B-00C04F79EFBC}") = "Lista De Tarefas", "Lista De Tarefas.csproj", "{DD57631E-701D-4A50-8CF1-E62B82CCDAEE}"
EndProject
Global
	GlobalSection(SolutionConfigurationPlatforms) = preSolution
		Debug|Any CPU = Debug|Any CPU
		Release|Any CPU = Release|Any CPU
	EndGlobalSection
	GlobalSection(ProjectConfigurationPlatforms) = postSolution
		{DD57631E-701D-4A50-8CF1-E62B82CCDAEE}.Debug|Any CPU.ActiveCfg = Debug|Any CPU
		{DD57631E-701D-4A50-8CF1-E62B82CCDAEE}.Debug|Any CPU.Build.0 = Debug|Any CPU
		{DD57631E-701D-4A50-8CF1-E62B82CCDAEE}.Release|Any CPU.ActiveCfg = Release|Any CPU
		{DD57631E-701D-4A50-8CF1-E62B82CCDAEE}.Release|Any CPU.Build.0 = Release|Any CPU
	EndGlobalSection
	GlobalSection(SolutionProperties) = preSolution
		HideSolutionNode = FALSE
	EndGlobalSection
	GlobalSection(ExtensibilityGlobals) = postSolution
		SolutionGuid = {3417AF8D-A7BE-463D-A5B5-8444B2FF2EE8}
	EndGlobalSection
EndGlobal
