
Microsoft Visual Studio Solution File, Format Version 12.00
# Visual Studio Version 17
VisualStudioVersion = 17.11.35312.102
MinimumVisualStudioVersion = 10.0.40219.1
Project("{FAE04EC0-301F-11D3-BF4B-00C04F79EFBC}") = "For", "For.csproj", "{168292B2-A60A-49BF-BC39-8367E57AD6BA}"
EndProject
Global
	GlobalSection(SolutionConfigurationPlatforms) = preSolution
		Debug|Any CPU = Debug|Any CPU
		Release|Any CPU = Release|Any CPU
	EndGlobalSection
	GlobalSection(ProjectConfigurationPlatforms) = postSolution
		{168292B2-A60A-49BF-BC39-8367E57AD6BA}.Debug|Any CPU.ActiveCfg = Debug|Any CPU
		{168292B2-A60A-49BF-BC39-8367E57AD6BA}.Debug|Any CPU.Build.0 = Debug|Any CPU
		{168292B2-A60A-49BF-BC39-8367E57AD6BA}.Release|Any CPU.ActiveCfg = Release|Any CPU
		{168292B2-A60A-49BF-BC39-8367E57AD6BA}.Release|Any CPU.Build.0 = Release|Any CPU
	EndGlobalSection
	GlobalSection(SolutionProperties) = preSolution
		HideSolutionNode = FALSE
	EndGlobalSection
	GlobalSection(ExtensibilityGlobals) = postSolution
		SolutionGuid = {1EA983BC-5F70-4579-BA89-8D021F2A214F}
	EndGlobalSection
EndGlobal
