
Microsoft Visual Studio Solution File, Format Version 12.00
# Visual Studio Version 17
VisualStudioVersion = 17.11.35312.102
MinimumVisualStudioVersion = 10.0.40219.1
Project("{FAE04EC0-301F-11D3-BF4B-00C04F79EFBC}") = "OperadoresRelacionais", "OperadoresRelacionais.csproj", "{4FDB8AA2-F028-43A2-A6E1-24556402A370}"
EndProject
Global
	GlobalSection(SolutionConfigurationPlatforms) = preSolution
		Debug|Any CPU = Debug|Any CPU
		Release|Any CPU = Release|Any CPU
	EndGlobalSection
	GlobalSection(ProjectConfigurationPlatforms) = postSolution
		{4FDB8AA2-F028-43A2-A6E1-24556402A370}.Debug|Any CPU.ActiveCfg = Debug|Any CPU
		{4FDB8AA2-F028-43A2-A6E1-24556402A370}.Debug|Any CPU.Build.0 = Debug|Any CPU
		{4FDB8AA2-F028-43A2-A6E1-24556402A370}.Release|Any CPU.ActiveCfg = Release|Any CPU
		{4FDB8AA2-F028-43A2-A6E1-24556402A370}.Release|Any CPU.Build.0 = Release|Any CPU
	EndGlobalSection
	GlobalSection(SolutionProperties) = preSolution
		HideSolutionNode = FALSE
	EndGlobalSection
	GlobalSection(ExtensibilityGlobals) = postSolution
		SolutionGuid = {5A4CEDC5-9F0A-4D71-9330-A7F703EA267D}
	EndGlobalSection
EndGlobal
